// !$*UTF8*$!
{
	archiveVersion = 1;
	classes = {
	};
	objectVersion = 50;
	objects = {

/* Begin PBXBuildFile section */
		CE168B92229E9BB80029890E /* AppDelegate.swift in Sources */ = {isa = PBXBuildFile; fileRef = CE168B91229E9BB80029890E /* AppDelegate.swift */; };
		CE168B94229E9BB80029890E /* ViewController.swift in Sources */ = {isa = PBXBuildFile; fileRef = CE168B93229E9BB80029890E /* ViewController.swift */; };
		CE168B97229E9BB80029890E /* Main.storyboard in Resources */ = {isa = PBXBuildFile; fileRef = CE168B95229E9BB80029890E /* Main.storyboard */; };
		CE168B99229E9BB90029890E /* Assets.xcassets in Resources */ = {isa = PBXBuildFile; fileRef = CE168B98229E9BB90029890E /* Assets.xcassets */; };
		CE168B9C229E9BB90029890E /* LaunchScreen.storyboard in Resources */ = {isa = PBXBuildFile; fileRef = CE168B9A229E9BB90029890E /* LaunchScreen.storyboard */; };
		CE168BA5229EA1550029890E /* ZipcodeDelegate.swift in Sources */ = {isa = PBXBuildFile; fileRef = CE168BA4229EA1550029890E /* ZipcodeDelegate.swift */; };
		CE168BA7229EA1A10029890E /* CashDelegate.swift in Sources */ = {isa = PBXBuildFile; fileRef = CE168BA6229EA1A10029890E /* CashDelegate.swift */; };
		CE168BA9229EA1CC0029890E /* LockableDelegate.swift in Sources */ = {isa = PBXBuildFile; fileRef = CE168BA8229EA1CC0029890E /* LockableDelegate.swift */; };
/* End PBXBuildFile section */

/* Begin PBXFileReference section */
		CE168B8E229E9BB80029890E /* Text Field Practice.app */ = {isa = PBXFileReference; explicitFileType = wrapper.application; includeInIndex = 0; path = "Text Field Practice.app"; sourceTree = BUILT_PRODUCTS_DIR; };
		CE168B91229E9BB80029890E /* AppDelegate.swift */ = {isa = PBXFileReference; lastKnownFileType = sourcecode.swift; path = AppDelegate.swift; sourceTree = "<group>"; };
		CE168B93229E9BB80029890E /* ViewController.swift */ = {isa = PBXFileReference; lastKnownFileType = sourcecode.swift; path = ViewController.swift; sourceTree = "<group>"; };
		CE168B96229E9BB80029890E /* Base */ = {isa = PBXFileReference; lastKnownFileType = file.storyboard; name = Base; path = Base.lproj/Main.storyboard; sourceTree = "<group>"; };
		CE168B98229E9BB90029890E /* Assets.xcassets */ = {isa = PBXFileReference; lastKnownFileType = folder.assetcatalog; path = Assets.xcassets; sourceTree = "<group>"; };
		CE168B9B229E9BB90029890E /* Base */ = {isa = PBXFileReference; lastKnownFileType = file.storyboard; name = Base; path = Base.lproj/LaunchScreen.storyboard; sourceTree = "<group>"; };
		CE168B9D229E9BB90029890E /* Info.plist */ = {isa = PBXFileReference; lastKnownFileType = text.plist.xml; path = Info.plist; sourceTree = "<group>"; };
		CE168BA4229EA1550029890E /* ZipcodeDelegate.swift */ = {isa = PBXFileReference; lastKnownFileType = sourcecode.swift; path = ZipcodeDelegate.swift; sourceTree = "<group>"; };
		CE168BA6229EA1A10029890E /* CashDelegate.swift */ = {isa = PBXFileReference; lastKnownFileType = sourcecode.swift; path = CashDelegate.swift; sourceTree = "<group>"; };
		CE168BA8229EA1CC0029890E /* LockableDelegate.swift */ = {isa = PBXFileReference; lastKnownFileType = sourcecode.swift; path = LockableDelegate.swift; sourceTree = "<group>"; };
/* End PBXFileReference section */

/* Begin PBXFrameworksBuildPhase section */
		CE168B8B229E9BB80029890E /* Frameworks */ = {
			isa = PBXFrameworksBuildPhase;
			buildActionMask = 2147483647;
			files = (
			);
			runOnlyForDeploymentPostprocessing = 0;
		};
/* End PBXFrameworksBuildPhase section */

/* Begin PBXGroup section */
		CE168B85229E9BB80029890E = {
			isa = PBXGroup;
			children = (
				CE168B90229E9BB80029890E /* Text Field Practice */,
				CE168B8F229E9BB80029890E /* Products */,
			);
			sourceTree = "<group>";
		};
		CE168B8F229E9BB80029890E /* Products */ = {
			isa = PBXGroup;
			children = (
				CE168B8E229E9BB80029890E /* Text Field Practice.app */,
			);
			name = Products;
			sourceTree = "<group>";
		};
		CE168B90229E9BB80029890E /* Text Field Practice */ = {
			isa = PBXGroup;
			children = (
				CE168BA3229EA1180029890E /* Delegates */,
				CE168B93229E9BB80029890E /* ViewController.swift */,
				CE168B95229E9BB80029890E /* Main.storyboard */,
				CE168B91229E9BB80029890E /* AppDelegate.swift */,
				CE168B98229E9BB90029890E /* Assets.xcassets */,
				CE168B9A229E9BB90029890E /* LaunchScreen.storyboard */,
				CE168B9D229E9BB90029890E /* Info.plist */,
			);
			path = "Text Field Practice";
			sourceTree = "<group>";
		};
		CE168BA3229EA1180029890E /* Delegates */ = {
			isa = PBXGroup;
			children = (
				CE168BA4229EA1550029890E /* ZipcodeDelegate.swift */,
				CE168BA6229EA1A10029890E /* CashDelegate.swift */,
				CE168BA8229EA1CC0029890E /* LockableDelegate.swift */,
			);
			path = Delegates;
			sourceTree = "<group>";
		};
/* End PBXGroup section */

/* Begin PBXNativeTarget section */
		CE168B8D229E9BB80029890E /* Text Field Practice */ = {
			isa = PBXNativeTarget;
			buildConfigurationList = CE168BA0229E9BB90029890E /* Build configuration list for PBXNativeTarget "Text Field Practice" */;
			buildPhases = (
				CE168B8A229E9BB80029890E /* Sources */,
				CE168B8B229E9BB80029890E /* Frameworks */,
				CE168B8C229E9BB80029890E /* Resources */,
			);
			buildRules = (
			);
			dependencies = (
			);
			name = "Text Field Practice";
			productName = "Text Field Practice";
			productReference = CE168B8E229E9BB80029890E /* Text Field Practice.app */;
			productType = "com.apple.product-type.application";
		};
/* End PBXNativeTarget section */

/* Begin PBXProject section */
		CE168B86229E9BB80029890E /* Project object */ = {
			isa = PBXProject;
			attributes = {
				LastSwiftUpdateCheck = 1020;
				LastUpgradeCheck = 1020;
				ORGANIZATIONNAME = "Sean Williams";
				TargetAttributes = {
					CE168B8D229E9BB80029890E = {
						CreatedOnToolsVersion = 10.2.1;
					};
				};
			};
			buildConfigurationList = CE168B89229E9BB80029890E /* Build configuration list for PBXProject "Text Field Practice" */;
			compatibilityVersion = "Xcode 9.3";
			developmentRegion = en;
			hasScannedForEncodings = 0;
			knownRegions = (
				en,
				Base,
			);
			mainGroup = CE168B85229E9BB80029890E;
			productRefGroup = CE168B8F229E9BB80029890E /* Products */;
			projectDirPath = "";
			projectRoot = "";
			targets = (
				CE168B8D229E9BB80029890E /* Text Field Practice */,
			);
		};
/* End PBXProject section */

/* Begin PBXResourcesBuildPhase section */
		CE168B8C229E9BB80029890E /* Resources */ = {
			isa = PBXResourcesBuildPhase;
			buildActionMask = 2147483647;
			files = (
				CE168B9C229E9BB90029890E /* LaunchScreen.storyboard in Resources */,
				CE168B99229E9BB90029890E /* Assets.xcassets in Resources */,
				CE168B97229E9BB80029890E /* Main.storyboard in Resources */,
			);
			runOnlyForDeploymentPostprocessing = 0;
		};
/* End PBXResourcesBuildPhase section */

/* Begin PBXSourcesBuildPhase section */
		CE168B8A229E9BB80029890E /* Sources */ = {
			isa = PBXSourcesBuildPhase;
			buildActionMask = 2147483647;
			files = (
				CE168B94229E9BB80029890E /* ViewController.swift in Sources */,
				CE168BA9229EA1CC0029890E /* LockableDelegate.swift in Sources */,
				CE168BA5229EA1550029890E /* ZipcodeDelegate.swift in Sources */,
				CE168B92229E9BB80029890E /* AppDelegate.swift in Sources */,
				CE168BA7229EA1A10029890E /* CashDelegate.swift in Sources */,
			);
			runOnlyForDeploymentPostprocessing = 0;
		};
/* End PBXSourcesBuildPhase section */

/* Begin PBXVariantGroup section */
		CE168B95229E9BB80029890E /* Main.storyboard */ = {
			isa = PBXVariantGroup;
			children = (
				CE168B96229E9BB80029890E /* Base */,
			);
			name = Main.storyboard;
			sourceTree = "<group>";
		};
		CE168B9A229E9BB90029890E /* LaunchScreen.storyboard */ = {
			isa = PBXVariantGroup;
			children = (
				CE168B9B229E9BB90029890E /* Base */,
			);
			name = LaunchScreen.storyboard;
			sourceTree = "<group>";
		};
/* End PBXVariantGroup section */

/* Begin XCBuildConfiguration section */
		CE168B9E229E9BB90029890E /* Debug */ = {
			isa = XCBuildConfiguration;
			buildSettings = {
				ALWAYS_SEARCH_USER_PATHS = NO;
				CLANG_ANALYZER_NONNULL = YES;
				CLANG_ANALYZER_NUMBER_OBJECT_CONVERSION = YES_AGGRESSIVE;
				CLANG_CXX_LANGUAGE_STANDARD = "gnu++14";
				CLANG_CXX_LIBRARY = "libc++";
				CLANG_ENABLE_MODULES = YES;
				CLANG_ENABLE_OBJC_ARC = YES;
				CLANG_ENABLE_OBJC_WEAK = YES;
				CLANG_WARN_BLOCK_CAPTURE_AUTORELEASING = YES;
				CLANG_WARN_BOOL_CONVERSION = YES;
				CLANG_WARN_COMMA = YES;
				CLANG_WARN_CONSTANT_CONVERSION = YES;
				CLANG_WARN_DEPRECATED_OBJC_IMPLEMENTATIONS = YES;
				CLANG_WARN_DIRECT_OBJC_ISA_USAGE = YES_ERROR;
				CLANG_WARN_DOCUMENTATION_COMMENTS = YES;
				CLANG_WARN_EMPTY_BODY = YES;
				CLANG_WARN_ENUM_CONVERSION = YES;
				CLANG_WARN_INFINITE_RECURSION = YES;
				CLANG_WARN_INT_CONVERSION = YES;
				CLANG_WARN_NON_LITERAL_NULL_CONVERSION = YES;
				CLANG_WARN_OBJC_IMPLICIT_RETAIN_SELF = YES;
				CLANG_WARN_OBJC_LITERAL_CONVERSION = YES;
				CLANG_WARN_OBJC_ROOT_CLASS = YES_ERROR;
				CLANG_WARN_RANGE_LOOP_ANALYSIS = YES;
				CLANG_WARN_STRICT_PROTOTYPES = YES;
				CLANG_WARN_SUSPICIOUS_MOVE = YES;
				CLANG_WARN_UNGUARDED_AVAILABILITY = YES_AGGRESSIVE;
				CLANG_WARN_UNREACHABLE_CODE = YES;
				CLANG_WARN__DUPLICATE_METHOD_MATCH = YES;
				CODE_SIGN_IDENTITY = "iPhone Developer";
				COPY_PHASE_STRIP = NO;
				DEBUG_INFORMATION_FORMAT = dwarf;
				ENABLE_STRICT_OBJC_MSGSEND = YES;
				ENABLE_TESTABILITY = YES;
				GCC_C_LANGUAGE_STANDARD = gnu11;
				GCC_DYNAMIC_NO_PIC = NO;
				GCC_NO_COMMON_BLOCKS = YES;
				GCC_OPTIMIZATION_LEVEL = 0;
				GCC_PREPROCESSOR_DEFINITIONS = (
					"DEBUG=1",
					"$(inherited)",
				);
				GCC_WARN_64_TO_32_BIT_CONVERSION = YES;
				GCC_WARN_ABOUT_RETURN_TYPE = YES_ERROR;
				GCC_WARN_UNDECLARED_SELECTOR = YES;
				GCC_WARN_UNINITIALIZED_AUTOS = YES_AGGRESSIVE;
				GCC_WARN_UNUSED_FUNCTION = YES;
				GCC_WARN_UNUSED_VARIABLE = YES;
				IPHONEOS_DEPLOYMENT_TARGET = 12.2;
				MTL_ENABLE_DEBUG_INFO = INCLUDE_SOURCE;
				MTL_FAST_MATH = YES;
				ONLY_ACTIVE_ARCH = YES;
				SDKROOT = iphoneos;
				SWIFT_ACTIVE_COMPILATION_CONDITIONS = DEBUG;
				SWIFT_OPTIMIZATION_LEVEL = "-Onone";
			};
			name = Debug;
		};
		CE168B9F229E9BB90029890E /* Release */ = {
			isa = XCBuildConfiguration;
			buildSettings = {
				ALWAYS_SEARCH_USER_PATHS = NO;
				CLANG_ANALYZER_NONNULL = YES;
				CLANG_ANALYZER_NUMBER_OBJECT_CONVERSION = YES_AGGRESSIVE;
				CLANG_CXX_LANGUAGE_STANDARD = "gnu++14";
				CLANG_CXX_LIBRARY = "libc++";
				CLANG_ENABLE_MODULES = YES;
				CLANG_ENABLE_OBJC_ARC = YES;
				CLANG_ENABLE_OBJC_WEAK = YES;
				CLANG_WARN_BLOCK_CAPTURE_AUTORELEASING = YES;
				CLANG_WARN_BOOL_CONVERSION = YES;
				CLANG_WARN_COMMA = YES;
				CLANG_WARN_CONSTANT_CONVERSION = YES;
				CLANG_WARN_DEPRECATED_OBJC_IMPLEMENTATIONS = YES;
				CLANG_WARN_DIRECT_OBJC_ISA_USAGE = YES_ERROR;
				CLANG_WARN_DOCUMENTATION_COMMENTS = YES;
				CLANG_WARN_EMPTY_BODY = YES;
				CLANG_WARN_ENUM_CONVERSION = YES;
				CLANG_WARN_INFINITE_RECURSION = YES;
				CLANG_WARN_INT_CONVERSION = YES;
				CLANG_WARN_NON_LITERAL_NULL_CONVERSION = YES;
				CLANG_WARN_OBJC_IMPLICIT_RETAIN_SELF = YES;
				CLANG_WARN_OBJC_LITERAL_CONVERSION = YES;
				CLANG_WARN_OBJC_ROOT_CLASS = YES_ERROR;
				CLANG_WARN_RANGE_LOOP_ANALYSIS = YES;
				CLANG_WARN_STRICT_PROTOTYPES = YES;
				CLANG_WARN_SUSPICIOUS_MOVE = YES;
				CLANG_WARN_UNGUARDED_AVAILABILITY = YES_AGGRESSIVE;
				CLANG_WARN_UNREACHABLE_CODE = YES;
				CLANG_WARN__DUPLICATE_METHOD_MATCH = YES;
				CODE_SIGN_IDENTITY = "iPhone Developer";
				COPY_PHASE_STRIP = NO;
				DEBUG_INFORMATION_FORMAT = "dwarf-with-dsym";
				ENABLE_NS_ASSERTIONS = NO;
				ENABLE_STRICT_OBJC_MSGSEND = YES;
				GCC_C_LANGUAGE_STANDARD = gnu11;
				GCC_NO_COMMON_BLOCKS = YES;
				GCC_WARN_64_TO_32_BIT_CONVERSION = YES;
				GCC_WARN_ABOUT_RETURN_TYPE = YES_ERROR;
				GCC_WARN_UNDECLARED_SELECTOR = YES;
				GCC_WARN_UNINITIALIZED_AUTOS = YES_AGGRESSIVE;
				GCC_WARN_UNUSED_FUNCTION = YES;
				GCC_WARN_UNUSED_VARIABLE = YES;
				IPHONEOS_DEPLOYMENT_TARGET = 12.2;
				MTL_ENABLE_DEBUG_INFO = NO;
				MTL_FAST_MATH = YES;
				SDKROOT = iphoneos;
				SWIFT_COMPILATION_MODE = wholemodule;
				SWIFT_OPTIMIZATION_LEVEL = "-O";
				VALIDATE_PRODUCT = YES;
			};
			name = Release;
		};
		CE168BA1229E9BB90029890E /* Debug */ = {
			isa = XCBuildConfiguration;
			buildSettings = {
				ASSETCATALOG_COMPILER_APPICON_NAME = AppIcon;
				CODE_SIGN_STYLE = Automatic;
				DEVELOPMENT_TEAM = DN4729AK8V;
				INFOPLIST_FILE = "Text Field Practice/Info.plist";
				LD_RUNPATH_SEARCH_PATHS = (
					"$(inherited)",
					"@executable_path/Frameworks",
				);
				PRODUCT_BUNDLE_IDENTIFIER = "com.seanwilliams.Text-Field-Practice";
				PRODUCT_NAME = "$(TARGET_NAME)";
				SWIFT_VERSION = 5.0;
				TARGETED_DEVICE_FAMILY = "1,2";
			};
			name = Debug;
		};
		CE168BA2229E9BB90029890E /* Release */ = {
			isa = XCBuildConfiguration;
			buildSettings = {
				ASSETCATALOG_COMPILER_APPICON_NAME = AppIcon;
				CODE_SIGN_STYLE = Automatic;
				DEVELOPMENT_TEAM = DN4729AK8V;
				INFOPLIST_FILE = "Text Field Practice/Info.plist";
				LD_RUNPATH_SEARCH_PATHS = (
					"$(inherited)",
					"@executable_path/Frameworks",
				);
				PRODUCT_BUNDLE_IDENTIFIER = "com.seanwilliams.Text-Field-Practice";
				PRODUCT_NAME = "$(TARGET_NAME)";
				SWIFT_VERSION = 5.0;
				TARGETED_DEVICE_FAMILY = "1,2";
			};
			name = Release;
		};
/* End XCBuildConfiguration section */

/* Begin XCConfigurationList section */
		CE168B89229E9BB80029890E /* Build configuration list for PBXProject "Text Field Practice" */ = {
			isa = XCConfigurationList;
			buildConfigurations = (
				CE168B9E229E9BB90029890E /* Debug */,
				CE168B9F229E9BB90029890E /* Release */,
			);
			defaultConfigurationIsVisible = 0;
			defaultConfigurationName = Release;
		};
		CE168BA0229E9BB90029890E /* Build configuration list for PBXNativeTarget "Text Field Practice" */ = {
			isa = XCConfigurationList;
			buildConfigurations = (
				CE168BA1229E9BB90029890E /* Debug */,
				CE168BA2229E9BB90029890E /* Release */,
			);
			defaultConfigurationIsVisible = 0;
			defaultConfigurationName = Release;
		};
/* End XCConfigurationList section */
	};
	rootObject = CE168B86229E9BB80029890E /* Project object */;
}
